<?xml version="1.0" encoding="utf-8"?>
<Project ToolsVersion="4.0" xmlns="http://schemas.microsoft.com/developer/msbuild/2003">
  <ItemGroup>
    <Filter Include="Исходные файлы">
      <UniqueIdentifier>{4FC737F1-C7A5-4376-A066-2A32D752A2FF}</UniqueIdentifier>
      <Extensions>cpp;c;cc;cxx;c++;cppm;ixx;def;odl;idl;hpj;bat;asm;asmx</Extensions>
    </Filter>
    <Filter Include="Файлы заголовков">
      <UniqueIdentifier>{93995380-89BD-4b04-88EB-625FBE52EBFB}</UniqueIdentifier>
      <Extensions>h;hh;hpp;hxx;h++;hm;inl;inc;ipp;xsd</Extensions>
    </Filter>
    <Filter Include="Файлы ресурсов">
      <UniqueIdentifier>{67DA6AB6-F800-4c08-8B7A-83BB121AAD01}</UniqueIdentifier>
      <Extensions>rc;ico;cur;bmp;dlg;rc2;rct;bin;rgs;gif;jpg;jpeg;jpe;resx;tiff;tif;png;wav;mfcribbon-ms</Extensions>
    </Filter>
    <Filter Include="sdk">
      <UniqueIdentifier>{8c9193c5-ece2-4ca6-aba6-04a421e64566}</UniqueIdentifier>
    </Filter>
    <Filter Include="gui">
      <UniqueIdentifier>{3d185c04-a02c-4005-ae9e-d32ee6c1ec5c}</UniqueIdentifier>
    </Filter>
    <Filter Include="ext">
      <UniqueIdentifier>{603dfe5c-3b1a-43b3-b22f-5bdda6361b33}</UniqueIdentifier>
    </Filter>
    <Filter Include="ext\imgui">
      <UniqueIdentifier>{e46c9b98-9976-4d38-b9a0-d02e617f40dd}</UniqueIdentifier>
    </Filter>
    <Filter Include="ext\minhook">
      <UniqueIdentifier>{51fa71d7-7770-4aa1-b4b8-e6296a2f7103}</UniqueIdentifier>
    </Filter>
    <Filter Include="ext\minhook\hde">
      <UniqueIdentifier>{5b8ecc1c-dea6-4b0e-82ce-e9b076349eb5}</UniqueIdentifier>
    </Filter>
    <Filter Include="features">
      <UniqueIdentifier>{da76ce6b-6d8c-4995-9038-5849cd35b4c8}</UniqueIdentifier>
    </Filter>
    <Filter Include="utl">
      <UniqueIdentifier>{5fa773ff-4a6d-4564-a51f-f29dc571b3a3}</UniqueIdentifier>
    </Filter>
    <Filter Include="features\misc">
      <UniqueIdentifier>{f00dbe00-6daa-4b8f-96ae-4f7c8988234c}</UniqueIdentifier>
    </Filter>
    <Filter Include="features\visuals">
      <UniqueIdentifier>{54040d93-2d28-472b-87c9-04788936046c}</UniqueIdentifier>
    </Filter>
    <Filter Include="gui\tabs">
      <UniqueIdentifier>{87c0f8de-1ee1-41ed-b2ab-1231227ca719}</UniqueIdentifier>
    </Filter>
    <Filter Include="sdk\lua">
      <UniqueIdentifier>{189d6199-af0e-4864-940e-3f2f7d648af2}</UniqueIdentifier>
    </Filter>
  </ItemGroup>
  <ItemGroup>
    <ClCompile Include="dllmain.cpp">
      <Filter>Исходные файлы</Filter>
    </ClCompile>
    <ClCompile Include="ext\imgui\imgui.cpp">
      <Filter>ext\imgui</Filter>
    </ClCompile>
    <ClCompile Include="ext\imgui\imgui_demo.cpp">
      <Filter>ext\imgui</Filter>
    </ClCompile>
    <ClCompile Include="ext\imgui\imgui_draw.cpp">
      <Filter>ext\imgui</Filter>
    </ClCompile>
    <ClCompile Include="ext\imgui\imgui_tables.cpp">
      <Filter>ext\imgui</Filter>
    </ClCompile>
    <ClCompile Include="ext\imgui\imgui_widgets.cpp">
      <Filter>ext\imgui</Filter>
    </ClCompile>
    <ClCompile Include="ext\imgui\backends\imgui_impl_dx9.cpp">
      <Filter>ext\imgui</Filter>
    </ClCompile>
    <ClCompile Include="ext\imgui\backends\imgui_impl_win32.cpp">
      <Filter>ext\imgui</Filter>
    </ClCompile>
    <ClCompile Include="ext\minhook\src\buffer.c">
      <Filter>ext\minhook</Filter>
    </ClCompile>
    <ClCompile Include="ext\minhook\src\hook.c">
      <Filter>ext\minhook</Filter>
    </ClCompile>
    <ClCompile Include="ext\minhook\src\trampoline.c">
      <Filter>ext\minhook</Filter>
    </ClCompile>
    <ClCompile Include="ext\minhook\src\hde\hde32.c">
      <Filter>ext\minhook\hde</Filter>
    </ClCompile>
    <ClCompile Include="ext\minhook\src\hde\hde64.c">
      <Filter>ext\minhook\hde</Filter>
    </ClCompile>
    <ClCompile Include="src\gui\gui.cpp">
      <Filter>gui</Filter>
    </ClCompile>
    <ClCompile Include="src\hooks.cpp">
      <Filter>Исходные файлы</Filter>
    </ClCompile>
    <ClCompile Include="src\interfaces.cpp">
      <Filter>Исходные файлы</Filter>
    </ClCompile>
    <ClCompile Include="src\netvars.cpp">
      <Filter>Исходные файлы</Filter>
    </ClCompile>
    <ClCompile Include="utl\memory.cpp">
      <Filter>utl</Filter>
    </ClCompile>
    <ClCompile Include="src\sdk\globals.cpp">
      <Filter>sdk</Filter>
    </ClCompile>
    <ClCompile Include="src\features\misc\bhop.cpp">
      <Filter>features\misc</Filter>
    </ClCompile>
    <ClCompile Include="src\features\visuals\chams.cpp">
      <Filter>features\visuals</Filter>
    </ClCompile>
    <ClCompile Include="src\gui\menu.cpp">
      <Filter>gui</Filter>
    </ClCompile>
  </ItemGroup>
  <ItemGroup>
    <ClInclude Include="src\netvars.h">
      <Filter>Файлы заголовков</Filter>
    </ClInclude>
    <ClInclude Include="src\interfaces.h">
      <Filter>Файлы заголовков</Filter>
    </ClInclude>
    <ClInclude Include="src\sdk\iclient.h">
      <Filter>sdk</Filter>
    </ClInclude>
    <ClInclude Include="src\sdk\icliententity.h">
      <Filter>sdk</Filter>
    </ClInclude>
    <ClInclude Include="src\sdk\icliententitylist.h">
      <Filter>sdk</Filter>
    </ClInclude>
    <ClInclude Include="ext\imgui\imconfig.h">
      <Filter>ext\imgui</Filter>
    </ClInclude>
    <ClInclude Include="ext\imgui\imgui.h">
      <Filter>ext\imgui</Filter>
    </ClInclude>
    <ClInclude Include="ext\imgui\imgui_internal.h">
      <Filter>ext\imgui</Filter>
    </ClInclude>
    <ClInclude Include="ext\imgui\imstb_rectpack.h">
      <Filter>ext\imgui</Filter>
    </ClInclude>
    <ClInclude Include="ext\imgui\imstb_textedit.h">
      <Filter>ext\imgui</Filter>
    </ClInclude>
    <ClInclude Include="ext\imgui\imstb_truetype.h">
      <Filter>ext\imgui</Filter>
    </ClInclude>
    <ClInclude Include="ext\imgui\backends\imgui_impl_dx9.h">
      <Filter>ext\imgui</Filter>
    </ClInclude>
    <ClInclude Include="ext\imgui\backends\imgui_impl_win32.h">
      <Filter>ext\imgui</Filter>
    </ClInclude>
    <ClInclude Include="ext\minhook\src\buffer.h">
      <Filter>ext\minhook</Filter>
    </ClInclude>
    <ClInclude Include="ext\minhook\src\trampoline.h">
      <Filter>ext\minhook</Filter>
    </ClInclude>
    <ClInclude Include="ext\minhook\src\hde\hde32.h">
      <Filter>ext\minhook\hde</Filter>
    </ClInclude>
    <ClInclude Include="ext\minhook\src\hde\hde64.h">
      <Filter>ext\minhook\hde</Filter>
    </ClInclude>
    <ClInclude Include="ext\minhook\src\hde\pstdint.h">
      <Filter>ext\minhook\hde</Filter>
    </ClInclude>
    <ClInclude Include="ext\minhook\src\hde\table32.h">
      <Filter>ext\minhook\hde</Filter>
    </ClInclude>
    <ClInclude Include="ext\minhook\src\hde\table64.h">
      <Filter>ext\minhook\hde</Filter>
    </ClInclude>
    <ClInclude Include="ext\minhook\include\MinHook.h">
      <Filter>ext\minhook</Filter>
    </ClInclude>
    <ClInclude Include="src\gui\gui.h">
      <Filter>gui</Filter>
    </ClInclude>
    <ClInclude Include="src\features\toggles.h">
      <Filter>features</Filter>
    </ClInclude>
    <ClInclude Include="src\sdk\istudiorender.h">
      <Filter>sdk</Filter>
    </ClInclude>
    <ClInclude Include="src\sdk\imaterialsystem.h">
      <Filter>sdk</Filter>
    </ClInclude>
    <ClInclude Include="src\sdk\iappsystem.h">
      <Filter>sdk</Filter>
    </ClInclude>
    <ClInclude Include="src\hooks.h">
      <Filter>Исходные файлы</Filter>
    </ClInclude>
    <ClInclude Include="src\sdk\cusercmd.h">
      <Filter>sdk</Filter>
    </ClInclude>
    <ClInclude Include="src\sdk\cvector.h">
      <Filter>sdk</Filter>
    </ClInclude>
    <ClInclude Include="src\sdk\iclientmodeshared.h">
      <Filter>sdk</Filter>
    </ClInclude>
    <ClInclude Include="src\sdk\imaterial.h">
      <Filter>sdk</Filter>
    </ClInclude>
    <ClInclude Include="src\sdk\cmatrix.h">
      <Filter>sdk</Filter>
    </ClInclude>
    <ClInclude Include="src\sdk\ibaseclientdll.h">
      <Filter>sdk</Filter>
    </ClInclude>
    <ClInclude Include="src\sdk\ivengineclient.h">
      <Filter>sdk</Filter>
    </ClInclude>
    <ClInclude Include="utl\memory.h">
      <Filter>utl</Filter>
    </ClInclude>
    <ClInclude Include="src\features\colors.h">
      <Filter>features</Filter>
    </ClInclude>
    <ClInclude Include="src\sdk\cbaseentity.h">
      <Filter>sdk</Filter>
    </ClInclude>
    <ClInclude Include="src\features\features.h">
      <Filter>features</Filter>
    </ClInclude>
    <ClInclude Include="src\sdk\globals.h">
      <Filter>sdk</Filter>
    </ClInclude>
    <ClInclude Include="src\sdk\const.h">
      <Filter>sdk</Filter>
    </ClInclude>
    <ClInclude Include="src\gui\tabs\aimbot.h">
      <Filter>gui\tabs</Filter>
    </ClInclude>
    <ClInclude Include="src\gui\tabs\visuals.h">
      <Filter>gui\tabs</Filter>
    </ClInclude>
    <ClInclude Include="src\gui\tabs\misc.h">
      <Filter>gui\tabs</Filter>
    </ClInclude>
    <ClInclude Include="src\gui\tabs\include_tabs.h">
      <Filter>gui\tabs</Filter>
    </ClInclude>
    <ClInclude Include="src\gui\tabs\settings.h">
      <Filter>gui\tabs</Filter>
    </ClInclude>
    <ClInclude Include="src\gui\tabs\includes.h">
      <Filter>gui\tabs</Filter>
    </ClInclude>
    <ClInclude Include="src\sdk\lua\ILua.h">
      <Filter>sdk\lua</Filter>
    </ClInclude>
    <ClInclude Include="src\sdk\cbaseplayer.h">
      <Filter>sdk</Filter>
    </ClInclude>
    <ClInclude Include="src\sdk\cbasecombatcharacter.h">
      <Filter>sdk</Filter>
    </ClInclude>
    <ClInclude Include="src\sdk\cbaseflex.h">
      <Filter>sdk</Filter>
    </ClInclude>
    <ClInclude Include="src\sdk\cbaseanimatingoverlay.h">
      <Filter>sdk</Filter>
    </ClInclude>
    <ClInclude Include="src\sdk\cbaseanimating.h">
      <Filter>sdk</Filter>
    </ClInclude>
    <ClInclude Include="src\sdk\imodelloadcallback.h">
      <Filter>sdk</Filter>
    </ClInclude>
    <ClInclude Include="src\sdk\cgameeventlistener.h">
      <Filter>sdk</Filter>
    </ClInclude>
    <ClInclude Include="src\sdk\igameevents.h">
      <Filter>sdk</Filter>
    </ClInclude>
    <ClInclude Include="src\sdk\iclientunknown.h">
      <Filter>sdk</Filter>
    </ClInclude>
    <ClInclude Include="src\sdk\ihandleentity.h">
      <Filter>sdk</Filter>
    </ClInclude>
    <ClInclude Include="src\sdk\iclientrenderable.h">
      <Filter>sdk</Filter>
    </ClInclude>
    <ClInclude Include="src\sdk\iclientnetworkable.h">
      <Filter>sdk</Filter>
    </ClInclude>
    <ClInclude Include="src\sdk\iclientthinkable.h">
      <Filter>sdk</Filter>
    </ClInclude>
    <ClInclude Include="src\sdk\ivmodelrender.h">
      <Filter>sdk</Filter>
    </ClInclude>
    <ClInclude Include="src\sdk\ivphysics.h">
      <Filter>sdk</Filter>
    </ClInclude>
  </ItemGroup>
</Project>